
Microsoft Visual Studio Solution File, Format Version 12.00
# Visual Studio Version 17
VisualStudioVersion = 17.0.31903.59
MinimumVisualStudioVersion = 10.0.40219.1
Project("{2150E333-8FDC-42A3-9474-1A3956D46DE8}") = "Services", "Services", "{87902D8B-09CA-42AA-BE95-CD9E34F8B23A}"
EndProject
Project("{2150E333-8FDC-42A3-9474-1A3956D46DE8}") = "Catalog", "Catalog", "{90BD3710-1866-4221-99F3-E8A9B998DDF4}"
EndProject
Project("{9A19103F-16F7-4668-BE54-9A1E7A4F7556}") = "Catalog.API", "Services\Catalog\Catalog.API\Catalog.API.csproj", "{1B6843E4-C1EF-4BF0-9F7F-0A520286DBBC}"
EndProject
Project("{E53339B2-1760-4266-BCC7-CA923CBCF16C}") = "docker-compose", "docker-compose.dcproj", "{0859983A-ADAB-4F43-AAC1-E4CA6FFDF096}"
EndProject
Project("{2150E333-8FDC-42A3-9474-1A3956D46DE8}") = "Basket", "Basket", "{7CF5C0DF-44BF-4B39-BF13-1BEEE7B5C011}"
EndProject
Project("{9A19103F-16F7-4668-BE54-9A1E7A4F7556}") = "Basket.API", "Services\Basket\Basket.API\Basket.API.csproj", "{9111EAEA-35BB-4A8E-AEC6-DE6C051EC482}"
EndProject
Project("{2150E333-8FDC-42A3-9474-1A3956D46DE8}") = "Discount", "Discount", "{622DCC2A-0D2A-4B43-85FE-487F3641C019}"
EndProject
Project("{9A19103F-16F7-4668-BE54-9A1E7A4F7556}") = "Discount.API", "Services\Discount\Discount.API\Discount.API.csproj", "{0E8B9990-ADD7-4818-B989-9AF4ED16C45D}"
EndProject
Project("{9A19103F-16F7-4668-BE54-9A1E7A4F7556}") = "Discount.Grpc", "Services\Discount\Discount.Grpc\Discount.Grpc.csproj", "{A6405407-2E9F-4DCC-8011-AE9053DF5DCA}"
EndProject
Global
	GlobalSection(SolutionConfigurationPlatforms) = preSolution
		Debug|Any CPU = Debug|Any CPU
		Release|Any CPU = Release|Any CPU
	EndGlobalSection
	GlobalSection(ProjectConfigurationPlatforms) = postSolution
		{1B6843E4-C1EF-4BF0-9F7F-0A520286DBBC}.Debug|Any CPU.ActiveCfg = Debug|Any CPU
		{1B6843E4-C1EF-4BF0-9F7F-0A520286DBBC}.Debug|Any CPU.Build.0 = Debug|Any CPU
		{1B6843E4-C1EF-4BF0-9F7F-0A520286DBBC}.Release|Any CPU.ActiveCfg = Release|Any CPU
		{1B6843E4-C1EF-4BF0-9F7F-0A520286DBBC}.Release|Any CPU.Build.0 = Release|Any CPU
		{0859983A-ADAB-4F43-AAC1-E4CA6FFDF096}.Debug|Any CPU.ActiveCfg = Debug|Any CPU
		{0859983A-ADAB-4F43-AAC1-E4CA6FFDF096}.Debug|Any CPU.Build.0 = Debug|Any CPU
		{0859983A-ADAB-4F43-AAC1-E4CA6FFDF096}.Release|Any CPU.ActiveCfg = Release|Any CPU
		{0859983A-ADAB-4F43-AAC1-E4CA6FFDF096}.Release|Any CPU.Build.0 = Release|Any CPU
		{9111EAEA-35BB-4A8E-AEC6-DE6C051EC482}.Debug|Any CPU.ActiveCfg = Debug|Any CPU
		{9111EAEA-35BB-4A8E-AEC6-DE6C051EC482}.Debug|Any CPU.Build.0 = Debug|Any CPU
		{9111EAEA-35BB-4A8E-AEC6-DE6C051EC482}.Release|Any CPU.ActiveCfg = Release|Any CPU
		{9111EAEA-35BB-4A8E-AEC6-DE6C051EC482}.Release|Any CPU.Build.0 = Release|Any CPU
		{0E8B9990-ADD7-4818-B989-9AF4ED16C45D}.Debug|Any CPU.ActiveCfg = Debug|Any CPU
		{0E8B9990-ADD7-4818-B989-9AF4ED16C45D}.Debug|Any CPU.Build.0 = Debug|Any CPU
		{0E8B9990-ADD7-4818-B989-9AF4ED16C45D}.Release|Any CPU.ActiveCfg = Release|Any CPU
		{0E8B9990-ADD7-4818-B989-9AF4ED16C45D}.Release|Any CPU.Build.0 = Release|Any CPU
		{A6405407-2E9F-4DCC-8011-AE9053DF5DCA}.Debug|Any CPU.ActiveCfg = Debug|Any CPU
		{A6405407-2E9F-4DCC-8011-AE9053DF5DCA}.Debug|Any CPU.Build.0 = Debug|Any CPU
		{A6405407-2E9F-4DCC-8011-AE9053DF5DCA}.Release|Any CPU.ActiveCfg = Release|Any CPU
		{A6405407-2E9F-4DCC-8011-AE9053DF5DCA}.Release|Any CPU.Build.0 = Release|Any CPU
	EndGlobalSection
	GlobalSection(SolutionProperties) = preSolution
		HideSolutionNode = FALSE
	EndGlobalSection
	GlobalSection(NestedProjects) = preSolution
		{90BD3710-1866-4221-99F3-E8A9B998DDF4} = {87902D8B-09CA-42AA-BE95-CD9E34F8B23A}
		{1B6843E4-C1EF-4BF0-9F7F-0A520286DBBC} = {90BD3710-1866-4221-99F3-E8A9B998DDF4}
		{7CF5C0DF-44BF-4B39-BF13-1BEEE7B5C011} = {87902D8B-09CA-42AA-BE95-CD9E34F8B23A}
		{9111EAEA-35BB-4A8E-AEC6-DE6C051EC482} = {7CF5C0DF-44BF-4B39-BF13-1BEEE7B5C011}
		{622DCC2A-0D2A-4B43-85FE-487F3641C019} = {87902D8B-09CA-42AA-BE95-CD9E34F8B23A}
		{0E8B9990-ADD7-4818-B989-9AF4ED16C45D} = {622DCC2A-0D2A-4B43-85FE-487F3641C019}
		{A6405407-2E9F-4DCC-8011-AE9053DF5DCA} = {622DCC2A-0D2A-4B43-85FE-487F3641C019}
	EndGlobalSection
	GlobalSection(ExtensibilityGlobals) = postSolution
		SolutionGuid = {33F67896-2085-41E0-BE66-F916E0B61CAF}
	EndGlobalSection
EndGlobal
